
Microsoft Visual Studio Solution File, Format Version 12.00
# Visual Studio Version 16
VisualStudioVersion = 16.0.29411.108
MinimumVisualStudioVersion = 10.0.40219.1
Project("{FAE04EC0-301F-11D3-BF4B-00C04F79EFBC}") = "IllusionDriver", "ForceReader\IllusionDriver.csproj", "{C0EC8B2C-06CB-4DB5-A732-D1B1F5CBA660}"
EndProject
Global
	GlobalSection(SolutionConfigurationPlatforms) = preSolution
		Debug|Any CPU = Debug|Any CPU
		Release|Any CPU = Release|Any CPU
	EndGlobalSection
	GlobalSection(ProjectConfigurationPlatforms) = postSolution
		{C0EC8B2C-06CB-4DB5-A732-D1B1F5CBA660}.Debug|Any CPU.ActiveCfg = Debug|Any CPU
		{C0EC8B2C-06CB-4DB5-A732-D1B1F5CBA660}.Debug|Any CPU.Build.0 = Debug|Any CPU
		{C0EC8B2C-06CB-4DB5-A732-D1B1F5CBA660}.Release|Any CPU.ActiveCfg = Release|Any CPU
		{C0EC8B2C-06CB-4DB5-A732-D1B1F5CBA660}.Release|Any CPU.Build.0 = Release|Any CPU
	EndGlobalSection
	GlobalSection(SolutionProperties) = preSolution
		HideSolutionNode = FALSE
	EndGlobalSection
	GlobalSection(ExtensibilityGlobals) = postSolution
		SolutionGuid = {8DCEEC19-4B64-4C1E-9400-BEC5F883BECD}
	EndGlobalSection
EndGlobal
